
Microsoft Visual Studio Solution File, Format Version 11.00
# Visual Studio 2010
Project("{FAE04EC0-301F-11D3-BF4B-00C04F79EFBC}") = "BootcampPrework_SpaceShooter", "Assembly-CSharp.csproj", "{F706A610-8010-8DC4-9E30-AA15D555981A}"
EndProject
Project("{FAE04EC0-301F-11D3-BF4B-00C04F79EFBC}") = "BootcampPrework_SpaceShooter", "Assembly-CSharp-Editor.csproj", "{BC7CD468-63C1-ABEC-91F9-D6E221FBE766}"
EndProject
Global
	GlobalSection(SolutionConfigurationPlatforms) = preSolution
		Debug|Any CPU = Debug|Any CPU
		Release|Any CPU = Release|Any CPU
	EndGlobalSection
	GlobalSection(ProjectConfigurationPlatforms) = postSolution
		{F706A610-8010-8DC4-9E30-AA15D555981A}.Debug|Any CPU.ActiveCfg = Debug|Any CPU
		{F706A610-8010-8DC4-9E30-AA15D555981A}.Debug|Any CPU.Build.0 = Debug|Any CPU
		{F706A610-8010-8DC4-9E30-AA15D555981A}.Release|Any CPU.ActiveCfg = Release|Any CPU
		{F706A610-8010-8DC4-9E30-AA15D555981A}.Release|Any CPU.Build.0 = Release|Any CPU
		{BC7CD468-63C1-ABEC-91F9-D6E221FBE766}.Debug|Any CPU.ActiveCfg = Debug|Any CPU
		{BC7CD468-63C1-ABEC-91F9-D6E221FBE766}.Debug|Any CPU.Build.0 = Debug|Any CPU
		{BC7CD468-63C1-ABEC-91F9-D6E221FBE766}.Release|Any CPU.ActiveCfg = Release|Any CPU
		{BC7CD468-63C1-ABEC-91F9-D6E221FBE766}.Release|Any CPU.Build.0 = Release|Any CPU
	EndGlobalSection
	GlobalSection(SolutionProperties) = preSolution
		HideSolutionNode = FALSE
	EndGlobalSection
	GlobalSection(MonoDevelopProperties) = preSolution
		StartupItem = Assembly-CSharp.csproj
	EndGlobalSection
EndGlobal
